
Microsoft Visual Studio Solution File, Format Version 12.00
# Visual Studio 14
VisualStudioVersion = 14.0.25420.1
MinimumVisualStudioVersion = 10.0.40219.1
Project("{FAE04EC0-301F-11D3-BF4B-00C04F79EFBC}") = "P1", "P1\P1.csproj", "{86500331-7F1F-4D54-909E-F7EBB6ED4D74}"
EndProject
Project("{FAE04EC0-301F-11D3-BF4B-00C04F79EFBC}") = "P2", "P2\P2.csproj", "{D5138430-F927-466A-9BBE-968E14C10B90}"
EndProject
Project("{FAE04EC0-301F-11D3-BF4B-00C04F79EFBC}") = "T", "T\T.csproj", "{1776CC49-C6D9-423E-8673-8BE524746BFC}"
EndProject
Project("{FAE04EC0-301F-11D3-BF4B-00C04F79EFBC}") = "Lap", "Lap\Lap.csproj", "{2E35A6AC-4069-435C-8552-87D18989CDC6}"
EndProject
Project("{FAE04EC0-301F-11D3-BF4B-00C04F79EFBC}") = "Pic", "Pic\Pic.csproj", "{84AE1DC1-AA6C-452A-801F-145C378F2E81}"
EndProject
Project("{FAE04EC0-301F-11D3-BF4B-00C04F79EFBC}") = "split", "split\split.csproj", "{2F28E4AE-A4E7-4DFA-BC29-D07684E605F1}"
EndProject
Project("{FAE04EC0-301F-11D3-BF4B-00C04F79EFBC}") = "tim", "tim\tim.csproj", "{187D830F-7F4E-4253-BF5D-88610A1CAFBE}"
EndProject
Project("{FAE04EC0-301F-11D3-BF4B-00C04F79EFBC}") = "ffff", "ffff\ffff.csproj", "{1536CB2C-7944-4CF3-81CD-99D69EE82C85}"
EndProject
Project("{FAE04EC0-301F-11D3-BF4B-00C04F79EFBC}") = "Timer", "Timer\Timer.csproj", "{F3782DB7-18A3-4559-BFF8-9AC7B9F6A6A6}"
EndProject
Global
	GlobalSection(SolutionConfigurationPlatforms) = preSolution
		Debug|Any CPU = Debug|Any CPU
		Release|Any CPU = Release|Any CPU
	EndGlobalSection
	GlobalSection(ProjectConfigurationPlatforms) = postSolution
		{86500331-7F1F-4D54-909E-F7EBB6ED4D74}.Debug|Any CPU.ActiveCfg = Debug|Any CPU
		{86500331-7F1F-4D54-909E-F7EBB6ED4D74}.Debug|Any CPU.Build.0 = Debug|Any CPU
		{86500331-7F1F-4D54-909E-F7EBB6ED4D74}.Release|Any CPU.ActiveCfg = Release|Any CPU
		{86500331-7F1F-4D54-909E-F7EBB6ED4D74}.Release|Any CPU.Build.0 = Release|Any CPU
		{D5138430-F927-466A-9BBE-968E14C10B90}.Debug|Any CPU.ActiveCfg = Debug|Any CPU
		{D5138430-F927-466A-9BBE-968E14C10B90}.Debug|Any CPU.Build.0 = Debug|Any CPU
		{D5138430-F927-466A-9BBE-968E14C10B90}.Release|Any CPU.ActiveCfg = Release|Any CPU
		{D5138430-F927-466A-9BBE-968E14C10B90}.Release|Any CPU.Build.0 = Release|Any CPU
		{1776CC49-C6D9-423E-8673-8BE524746BFC}.Debug|Any CPU.ActiveCfg = Debug|Any CPU
		{1776CC49-C6D9-423E-8673-8BE524746BFC}.Debug|Any CPU.Build.0 = Debug|Any CPU
		{1776CC49-C6D9-423E-8673-8BE524746BFC}.Release|Any CPU.ActiveCfg = Release|Any CPU
		{1776CC49-C6D9-423E-8673-8BE524746BFC}.Release|Any CPU.Build.0 = Release|Any CPU
		{2E35A6AC-4069-435C-8552-87D18989CDC6}.Debug|Any CPU.ActiveCfg = Debug|Any CPU
		{2E35A6AC-4069-435C-8552-87D18989CDC6}.Debug|Any CPU.Build.0 = Debug|Any CPU
		{2E35A6AC-4069-435C-8552-87D18989CDC6}.Release|Any CPU.ActiveCfg = Release|Any CPU
		{2E35A6AC-4069-435C-8552-87D18989CDC6}.Release|Any CPU.Build.0 = Release|Any CPU
		{84AE1DC1-AA6C-452A-801F-145C378F2E81}.Debug|Any CPU.ActiveCfg = Debug|Any CPU
		{84AE1DC1-AA6C-452A-801F-145C378F2E81}.Debug|Any CPU.Build.0 = Debug|Any CPU
		{84AE1DC1-AA6C-452A-801F-145C378F2E81}.Release|Any CPU.ActiveCfg = Release|Any CPU
		{84AE1DC1-AA6C-452A-801F-145C378F2E81}.Release|Any CPU.Build.0 = Release|Any CPU
		{2F28E4AE-A4E7-4DFA-BC29-D07684E605F1}.Debug|Any CPU.ActiveCfg = Debug|Any CPU
		{2F28E4AE-A4E7-4DFA-BC29-D07684E605F1}.Debug|Any CPU.Build.0 = Debug|Any CPU
		{2F28E4AE-A4E7-4DFA-BC29-D07684E605F1}.Release|Any CPU.ActiveCfg = Release|Any CPU
		{2F28E4AE-A4E7-4DFA-BC29-D07684E605F1}.Release|Any CPU.Build.0 = Release|Any CPU
		{187D830F-7F4E-4253-BF5D-88610A1CAFBE}.Debug|Any CPU.ActiveCfg = Debug|Any CPU
		{187D830F-7F4E-4253-BF5D-88610A1CAFBE}.Debug|Any CPU.Build.0 = Debug|Any CPU
		{187D830F-7F4E-4253-BF5D-88610A1CAFBE}.Release|Any CPU.ActiveCfg = Release|Any CPU
		{187D830F-7F4E-4253-BF5D-88610A1CAFBE}.Release|Any CPU.Build.0 = Release|Any CPU
		{1536CB2C-7944-4CF3-81CD-99D69EE82C85}.Debug|Any CPU.ActiveCfg = Debug|Any CPU
		{1536CB2C-7944-4CF3-81CD-99D69EE82C85}.Debug|Any CPU.Build.0 = Debug|Any CPU
		{1536CB2C-7944-4CF3-81CD-99D69EE82C85}.Release|Any CPU.ActiveCfg = Release|Any CPU
		{1536CB2C-7944-4CF3-81CD-99D69EE82C85}.Release|Any CPU.Build.0 = Release|Any CPU
		{F3782DB7-18A3-4559-BFF8-9AC7B9F6A6A6}.Debug|Any CPU.ActiveCfg = Debug|Any CPU
		{F3782DB7-18A3-4559-BFF8-9AC7B9F6A6A6}.Debug|Any CPU.Build.0 = Debug|Any CPU
		{F3782DB7-18A3-4559-BFF8-9AC7B9F6A6A6}.Release|Any CPU.ActiveCfg = Release|Any CPU
		{F3782DB7-18A3-4559-BFF8-9AC7B9F6A6A6}.Release|Any CPU.Build.0 = Release|Any CPU
	EndGlobalSection
	GlobalSection(SolutionProperties) = preSolution
		HideSolutionNode = FALSE
	EndGlobalSection
EndGlobal
