
Microsoft Visual Studio Solution File, Format Version 12.00
# Visual Studio 14
VisualStudioVersion = 14.0.25420.1
MinimumVisualStudioVersion = 10.0.40219.1
Project("{FAE04EC0-301F-11D3-BF4B-00C04F79EFBC}") = "P1", "P1\P1.csproj", "{4BB2EC66-2645-473D-B8D7-283EEB8D577E}"
EndProject
Project("{FAE04EC0-301F-11D3-BF4B-00C04F79EFBC}") = "P2", "P2\P2.csproj", "{2BD9D681-9586-4288-964A-6BCB09980F0A}"
EndProject
Project("{FAE04EC0-301F-11D3-BF4B-00C04F79EFBC}") = "P3", "P3\P3.csproj", "{F4F968F0-E04D-4EC5-89C2-14AAED5C991B}"
EndProject
Project("{FAE04EC0-301F-11D3-BF4B-00C04F79EFBC}") = "P5", "P5\P5.csproj", "{F0FF2F82-8E64-4944-A753-FEFCEE808575}"
EndProject
Project("{FAE04EC0-301F-11D3-BF4B-00C04F79EFBC}") = "P4", "P4\P4.csproj", "{577D07B7-3810-4890-A595-07460C546452}"
EndProject
Project("{FAE04EC0-301F-11D3-BF4B-00C04F79EFBC}") = "P6", "P6\P6.csproj", "{FDAC56F4-BBD0-47AD-8581-38FC14590B05}"
EndProject
Project("{FAE04EC0-301F-11D3-BF4B-00C04F79EFBC}") = "P7", "P7\P7.csproj", "{781BE46A-D37D-47D9-8BD5-65299967310F}"
EndProject
Project("{FAE04EC0-301F-11D3-BF4B-00C04F79EFBC}") = "P12", "P12\P12.csproj", "{CA300C7B-1DC9-48C8-AFB8-82A9708574A1}"
EndProject
Project("{FAE04EC0-301F-11D3-BF4B-00C04F79EFBC}") = "P11", "P11\P11.csproj", "{BE74BB5D-86FF-42BB-9B37-FCC5DFAE878C}"
EndProject
Project("{FAE04EC0-301F-11D3-BF4B-00C04F79EFBC}") = "P10", "P10\P10.csproj", "{1D248A74-B90F-4FCF-AFCE-FE672043F566}"
EndProject
Project("{FAE04EC0-301F-11D3-BF4B-00C04F79EFBC}") = "P9", "P9\P9.csproj", "{9D80F0C5-A1A5-4619-855D-E40C6DF17A41}"
EndProject
Project("{FAE04EC0-301F-11D3-BF4B-00C04F79EFBC}") = "P8", "P8\P8.csproj", "{71A17D8D-C383-4767-9942-99E779DA0E02}"
EndProject
Global
	GlobalSection(SolutionConfigurationPlatforms) = preSolution
		Debug|Any CPU = Debug|Any CPU
		Release|Any CPU = Release|Any CPU
	EndGlobalSection
	GlobalSection(ProjectConfigurationPlatforms) = postSolution
		{4BB2EC66-2645-473D-B8D7-283EEB8D577E}.Debug|Any CPU.ActiveCfg = Debug|Any CPU
		{4BB2EC66-2645-473D-B8D7-283EEB8D577E}.Debug|Any CPU.Build.0 = Debug|Any CPU
		{4BB2EC66-2645-473D-B8D7-283EEB8D577E}.Release|Any CPU.ActiveCfg = Release|Any CPU
		{4BB2EC66-2645-473D-B8D7-283EEB8D577E}.Release|Any CPU.Build.0 = Release|Any CPU
		{2BD9D681-9586-4288-964A-6BCB09980F0A}.Debug|Any CPU.ActiveCfg = Debug|Any CPU
		{2BD9D681-9586-4288-964A-6BCB09980F0A}.Debug|Any CPU.Build.0 = Debug|Any CPU
		{2BD9D681-9586-4288-964A-6BCB09980F0A}.Release|Any CPU.ActiveCfg = Release|Any CPU
		{2BD9D681-9586-4288-964A-6BCB09980F0A}.Release|Any CPU.Build.0 = Release|Any CPU
		{F4F968F0-E04D-4EC5-89C2-14AAED5C991B}.Debug|Any CPU.ActiveCfg = Debug|Any CPU
		{F4F968F0-E04D-4EC5-89C2-14AAED5C991B}.Debug|Any CPU.Build.0 = Debug|Any CPU
		{F4F968F0-E04D-4EC5-89C2-14AAED5C991B}.Release|Any CPU.ActiveCfg = Release|Any CPU
		{F4F968F0-E04D-4EC5-89C2-14AAED5C991B}.Release|Any CPU.Build.0 = Release|Any CPU
		{F0FF2F82-8E64-4944-A753-FEFCEE808575}.Debug|Any CPU.ActiveCfg = Debug|Any CPU
		{F0FF2F82-8E64-4944-A753-FEFCEE808575}.Debug|Any CPU.Build.0 = Debug|Any CPU
		{F0FF2F82-8E64-4944-A753-FEFCEE808575}.Release|Any CPU.ActiveCfg = Release|Any CPU
		{F0FF2F82-8E64-4944-A753-FEFCEE808575}.Release|Any CPU.Build.0 = Release|Any CPU
		{577D07B7-3810-4890-A595-07460C546452}.Debug|Any CPU.ActiveCfg = Debug|Any CPU
		{577D07B7-3810-4890-A595-07460C546452}.Debug|Any CPU.Build.0 = Debug|Any CPU
		{577D07B7-3810-4890-A595-07460C546452}.Release|Any CPU.ActiveCfg = Release|Any CPU
		{577D07B7-3810-4890-A595-07460C546452}.Release|Any CPU.Build.0 = Release|Any CPU
		{FDAC56F4-BBD0-47AD-8581-38FC14590B05}.Debug|Any CPU.ActiveCfg = Debug|Any CPU
		{FDAC56F4-BBD0-47AD-8581-38FC14590B05}.Debug|Any CPU.Build.0 = Debug|Any CPU
		{FDAC56F4-BBD0-47AD-8581-38FC14590B05}.Release|Any CPU.ActiveCfg = Release|Any CPU
		{FDAC56F4-BBD0-47AD-8581-38FC14590B05}.Release|Any CPU.Build.0 = Release|Any CPU
		{781BE46A-D37D-47D9-8BD5-65299967310F}.Debug|Any CPU.ActiveCfg = Debug|Any CPU
		{781BE46A-D37D-47D9-8BD5-65299967310F}.Debug|Any CPU.Build.0 = Debug|Any CPU
		{781BE46A-D37D-47D9-8BD5-65299967310F}.Release|Any CPU.ActiveCfg = Release|Any CPU
		{781BE46A-D37D-47D9-8BD5-65299967310F}.Release|Any CPU.Build.0 = Release|Any CPU
		{CA300C7B-1DC9-48C8-AFB8-82A9708574A1}.Debug|Any CPU.ActiveCfg = Debug|Any CPU
		{CA300C7B-1DC9-48C8-AFB8-82A9708574A1}.Debug|Any CPU.Build.0 = Debug|Any CPU
		{CA300C7B-1DC9-48C8-AFB8-82A9708574A1}.Release|Any CPU.ActiveCfg = Release|Any CPU
		{CA300C7B-1DC9-48C8-AFB8-82A9708574A1}.Release|Any CPU.Build.0 = Release|Any CPU
		{BE74BB5D-86FF-42BB-9B37-FCC5DFAE878C}.Debug|Any CPU.ActiveCfg = Debug|Any CPU
		{BE74BB5D-86FF-42BB-9B37-FCC5DFAE878C}.Debug|Any CPU.Build.0 = Debug|Any CPU
		{BE74BB5D-86FF-42BB-9B37-FCC5DFAE878C}.Release|Any CPU.ActiveCfg = Release|Any CPU
		{BE74BB5D-86FF-42BB-9B37-FCC5DFAE878C}.Release|Any CPU.Build.0 = Release|Any CPU
		{1D248A74-B90F-4FCF-AFCE-FE672043F566}.Debug|Any CPU.ActiveCfg = Debug|Any CPU
		{1D248A74-B90F-4FCF-AFCE-FE672043F566}.Debug|Any CPU.Build.0 = Debug|Any CPU
		{1D248A74-B90F-4FCF-AFCE-FE672043F566}.Release|Any CPU.ActiveCfg = Release|Any CPU
		{1D248A74-B90F-4FCF-AFCE-FE672043F566}.Release|Any CPU.Build.0 = Release|Any CPU
		{9D80F0C5-A1A5-4619-855D-E40C6DF17A41}.Debug|Any CPU.ActiveCfg = Debug|Any CPU
		{9D80F0C5-A1A5-4619-855D-E40C6DF17A41}.Debug|Any CPU.Build.0 = Debug|Any CPU
		{9D80F0C5-A1A5-4619-855D-E40C6DF17A41}.Release|Any CPU.ActiveCfg = Release|Any CPU
		{9D80F0C5-A1A5-4619-855D-E40C6DF17A41}.Release|Any CPU.Build.0 = Release|Any CPU
		{71A17D8D-C383-4767-9942-99E779DA0E02}.Debug|Any CPU.ActiveCfg = Debug|Any CPU
		{71A17D8D-C383-4767-9942-99E779DA0E02}.Debug|Any CPU.Build.0 = Debug|Any CPU
		{71A17D8D-C383-4767-9942-99E779DA0E02}.Release|Any CPU.ActiveCfg = Release|Any CPU
		{71A17D8D-C383-4767-9942-99E779DA0E02}.Release|Any CPU.Build.0 = Release|Any CPU
	EndGlobalSection
	GlobalSection(SolutionProperties) = preSolution
		HideSolutionNode = FALSE
	EndGlobalSection
EndGlobal
