
Microsoft Visual Studio Solution File, Format Version 12.00
# Visual Studio 14
VisualStudioVersion = 14.0.25420.1
MinimumVisualStudioVersion = 10.0.40219.1
Project("{FAE04EC0-301F-11D3-BF4B-00C04F79EFBC}") = "P1", "P1\P1.csproj", "{C6D7DE70-EB22-4B29-BA3A-7AD527A12DD8}"
EndProject
Project("{FAE04EC0-301F-11D3-BF4B-00C04F79EFBC}") = "P2", "P2\P2.csproj", "{8203BB40-9D19-4DFB-8789-E9C507C29E82}"
EndProject
Project("{FAE04EC0-301F-11D3-BF4B-00C04F79EFBC}") = "P3", "P3\P3.csproj", "{FB78C821-9E86-4229-B333-E01FBE5E821A}"
EndProject
Project("{FAE04EC0-301F-11D3-BF4B-00C04F79EFBC}") = "P4", "P4\P4.csproj", "{9E8FF5B1-BF61-4972-A510-EBFEC6C02E34}"
EndProject
Project("{FAE04EC0-301F-11D3-BF4B-00C04F79EFBC}") = "P5", "P5\P5.csproj", "{56BCA9C6-D4DB-46C9-AC2F-3C29C6727F23}"
EndProject
Project("{FAE04EC0-301F-11D3-BF4B-00C04F79EFBC}") = "P10", "P10\P10.csproj", "{23C9238F-D895-41D9-B0D7-0E6EAD66D9DB}"
EndProject
Project("{FAE04EC0-301F-11D3-BF4B-00C04F79EFBC}") = "P9", "؛9\P9.csproj", "{C8032242-E771-4806-B014-7183058C39BF}"
EndProject
Project("{FAE04EC0-301F-11D3-BF4B-00C04F79EFBC}") = "P8", "P8\P8.csproj", "{4749ACC4-93AC-4569-A76E-99E0F83FE234}"
EndProject
Project("{FAE04EC0-301F-11D3-BF4B-00C04F79EFBC}") = "P6", "P6\P6.csproj", "{C740DB31-0FD9-48FF-AAB5-31A3C98AECE3}"
EndProject
Project("{FAE04EC0-301F-11D3-BF4B-00C04F79EFBC}") = "P7", "P7\P7.csproj", "{CE2F4CF2-EED9-4530-8F72-1E012387B939}"
EndProject
Project("{FAE04EC0-301F-11D3-BF4B-00C04F79EFBC}") = "P17", "P17\P17.csproj", "{2BE3CE14-B64E-497F-893E-94A9DD3FAEC2}"
EndProject
Project("{FAE04EC0-301F-11D3-BF4B-00C04F79EFBC}") = "P14", "P14\P14.csproj", "{A012F379-8102-40BB-A8F4-5DEE95234AD4}"
EndProject
Project("{FAE04EC0-301F-11D3-BF4B-00C04F79EFBC}") = "P15", "P15\P15.csproj", "{2B0D5025-059A-4BCF-9BCE-6286F358A163}"
EndProject
Project("{FAE04EC0-301F-11D3-BF4B-00C04F79EFBC}") = "P16", "P16\P16.csproj", "{F0943754-FBB5-4C7C-9429-7BB8D383BABD}"
EndProject
Project("{FAE04EC0-301F-11D3-BF4B-00C04F79EFBC}") = "P20", "P20\P20.csproj", "{BC625A4B-7830-470B-B62B-00B26DE1B907}"
EndProject
Project("{FAE04EC0-301F-11D3-BF4B-00C04F79EFBC}") = "P11", "P11\P11.csproj", "{87555B3F-B938-4903-9EC7-E325433A3055}"
EndProject
Project("{FAE04EC0-301F-11D3-BF4B-00C04F79EFBC}") = "P12", "P12\P12.csproj", "{C4BA4C64-C952-41F1-BEC2-F9EEA35E5203}"
EndProject
Project("{FAE04EC0-301F-11D3-BF4B-00C04F79EFBC}") = "P13", "P13\P13.csproj", "{84191FC6-20C0-490B-A4AA-5A04E42A7078}"
EndProject
Project("{FAE04EC0-301F-11D3-BF4B-00C04F79EFBC}") = "P19", "P19\P19.csproj", "{E0CD66F0-AAAB-4C22-ACBD-FCFEF16C74B1}"
EndProject
Project("{FAE04EC0-301F-11D3-BF4B-00C04F79EFBC}") = "P18", "P18\P18.csproj", "{168BC4CD-108E-4A9E-AA8A-6FFCBAF8204C}"
EndProject
Global
	GlobalSection(SolutionConfigurationPlatforms) = preSolution
		Debug|Any CPU = Debug|Any CPU
		Release|Any CPU = Release|Any CPU
	EndGlobalSection
	GlobalSection(ProjectConfigurationPlatforms) = postSolution
		{C6D7DE70-EB22-4B29-BA3A-7AD527A12DD8}.Debug|Any CPU.ActiveCfg = Debug|Any CPU
		{C6D7DE70-EB22-4B29-BA3A-7AD527A12DD8}.Debug|Any CPU.Build.0 = Debug|Any CPU
		{C6D7DE70-EB22-4B29-BA3A-7AD527A12DD8}.Release|Any CPU.ActiveCfg = Release|Any CPU
		{C6D7DE70-EB22-4B29-BA3A-7AD527A12DD8}.Release|Any CPU.Build.0 = Release|Any CPU
		{8203BB40-9D19-4DFB-8789-E9C507C29E82}.Debug|Any CPU.ActiveCfg = Debug|Any CPU
		{8203BB40-9D19-4DFB-8789-E9C507C29E82}.Debug|Any CPU.Build.0 = Debug|Any CPU
		{8203BB40-9D19-4DFB-8789-E9C507C29E82}.Release|Any CPU.ActiveCfg = Release|Any CPU
		{8203BB40-9D19-4DFB-8789-E9C507C29E82}.Release|Any CPU.Build.0 = Release|Any CPU
		{FB78C821-9E86-4229-B333-E01FBE5E821A}.Debug|Any CPU.ActiveCfg = Debug|Any CPU
		{FB78C821-9E86-4229-B333-E01FBE5E821A}.Debug|Any CPU.Build.0 = Debug|Any CPU
		{FB78C821-9E86-4229-B333-E01FBE5E821A}.Release|Any CPU.ActiveCfg = Release|Any CPU
		{FB78C821-9E86-4229-B333-E01FBE5E821A}.Release|Any CPU.Build.0 = Release|Any CPU
		{9E8FF5B1-BF61-4972-A510-EBFEC6C02E34}.Debug|Any CPU.ActiveCfg = Debug|Any CPU
		{9E8FF5B1-BF61-4972-A510-EBFEC6C02E34}.Debug|Any CPU.Build.0 = Debug|Any CPU
		{9E8FF5B1-BF61-4972-A510-EBFEC6C02E34}.Release|Any CPU.ActiveCfg = Release|Any CPU
		{9E8FF5B1-BF61-4972-A510-EBFEC6C02E34}.Release|Any CPU.Build.0 = Release|Any CPU
		{56BCA9C6-D4DB-46C9-AC2F-3C29C6727F23}.Debug|Any CPU.ActiveCfg = Debug|Any CPU
		{56BCA9C6-D4DB-46C9-AC2F-3C29C6727F23}.Debug|Any CPU.Build.0 = Debug|Any CPU
		{56BCA9C6-D4DB-46C9-AC2F-3C29C6727F23}.Release|Any CPU.ActiveCfg = Release|Any CPU
		{56BCA9C6-D4DB-46C9-AC2F-3C29C6727F23}.Release|Any CPU.Build.0 = Release|Any CPU
		{23C9238F-D895-41D9-B0D7-0E6EAD66D9DB}.Debug|Any CPU.ActiveCfg = Debug|Any CPU
		{23C9238F-D895-41D9-B0D7-0E6EAD66D9DB}.Debug|Any CPU.Build.0 = Debug|Any CPU
		{23C9238F-D895-41D9-B0D7-0E6EAD66D9DB}.Release|Any CPU.ActiveCfg = Release|Any CPU
		{23C9238F-D895-41D9-B0D7-0E6EAD66D9DB}.Release|Any CPU.Build.0 = Release|Any CPU
		{C8032242-E771-4806-B014-7183058C39BF}.Debug|Any CPU.ActiveCfg = Debug|Any CPU
		{C8032242-E771-4806-B014-7183058C39BF}.Debug|Any CPU.Build.0 = Debug|Any CPU
		{C8032242-E771-4806-B014-7183058C39BF}.Release|Any CPU.ActiveCfg = Release|Any CPU
		{C8032242-E771-4806-B014-7183058C39BF}.Release|Any CPU.Build.0 = Release|Any CPU
		{4749ACC4-93AC-4569-A76E-99E0F83FE234}.Debug|Any CPU.ActiveCfg = Debug|Any CPU
		{4749ACC4-93AC-4569-A76E-99E0F83FE234}.Debug|Any CPU.Build.0 = Debug|Any CPU
		{4749ACC4-93AC-4569-A76E-99E0F83FE234}.Release|Any CPU.ActiveCfg = Release|Any CPU
		{4749ACC4-93AC-4569-A76E-99E0F83FE234}.Release|Any CPU.Build.0 = Release|Any CPU
		{C740DB31-0FD9-48FF-AAB5-31A3C98AECE3}.Debug|Any CPU.ActiveCfg = Debug|Any CPU
		{C740DB31-0FD9-48FF-AAB5-31A3C98AECE3}.Debug|Any CPU.Build.0 = Debug|Any CPU
		{C740DB31-0FD9-48FF-AAB5-31A3C98AECE3}.Release|Any CPU.ActiveCfg = Release|Any CPU
		{C740DB31-0FD9-48FF-AAB5-31A3C98AECE3}.Release|Any CPU.Build.0 = Release|Any CPU
		{CE2F4CF2-EED9-4530-8F72-1E012387B939}.Debug|Any CPU.ActiveCfg = Debug|Any CPU
		{CE2F4CF2-EED9-4530-8F72-1E012387B939}.Debug|Any CPU.Build.0 = Debug|Any CPU
		{CE2F4CF2-EED9-4530-8F72-1E012387B939}.Release|Any CPU.ActiveCfg = Release|Any CPU
		{CE2F4CF2-EED9-4530-8F72-1E012387B939}.Release|Any CPU.Build.0 = Release|Any CPU
		{2BE3CE14-B64E-497F-893E-94A9DD3FAEC2}.Debug|Any CPU.ActiveCfg = Debug|Any CPU
		{2BE3CE14-B64E-497F-893E-94A9DD3FAEC2}.Debug|Any CPU.Build.0 = Debug|Any CPU
		{2BE3CE14-B64E-497F-893E-94A9DD3FAEC2}.Release|Any CPU.ActiveCfg = Release|Any CPU
		{2BE3CE14-B64E-497F-893E-94A9DD3FAEC2}.Release|Any CPU.Build.0 = Release|Any CPU
		{A012F379-8102-40BB-A8F4-5DEE95234AD4}.Debug|Any CPU.ActiveCfg = Debug|Any CPU
		{A012F379-8102-40BB-A8F4-5DEE95234AD4}.Debug|Any CPU.Build.0 = Debug|Any CPU
		{A012F379-8102-40BB-A8F4-5DEE95234AD4}.Release|Any CPU.ActiveCfg = Release|Any CPU
		{A012F379-8102-40BB-A8F4-5DEE95234AD4}.Release|Any CPU.Build.0 = Release|Any CPU
		{2B0D5025-059A-4BCF-9BCE-6286F358A163}.Debug|Any CPU.ActiveCfg = Debug|Any CPU
		{2B0D5025-059A-4BCF-9BCE-6286F358A163}.Debug|Any CPU.Build.0 = Debug|Any CPU
		{2B0D5025-059A-4BCF-9BCE-6286F358A163}.Release|Any CPU.ActiveCfg = Release|Any CPU
		{2B0D5025-059A-4BCF-9BCE-6286F358A163}.Release|Any CPU.Build.0 = Release|Any CPU
		{F0943754-FBB5-4C7C-9429-7BB8D383BABD}.Debug|Any CPU.ActiveCfg = Debug|Any CPU
		{F0943754-FBB5-4C7C-9429-7BB8D383BABD}.Debug|Any CPU.Build.0 = Debug|Any CPU
		{F0943754-FBB5-4C7C-9429-7BB8D383BABD}.Release|Any CPU.ActiveCfg = Release|Any CPU
		{F0943754-FBB5-4C7C-9429-7BB8D383BABD}.Release|Any CPU.Build.0 = Release|Any CPU
		{BC625A4B-7830-470B-B62B-00B26DE1B907}.Debug|Any CPU.ActiveCfg = Debug|Any CPU
		{BC625A4B-7830-470B-B62B-00B26DE1B907}.Debug|Any CPU.Build.0 = Debug|Any CPU
		{BC625A4B-7830-470B-B62B-00B26DE1B907}.Release|Any CPU.ActiveCfg = Release|Any CPU
		{BC625A4B-7830-470B-B62B-00B26DE1B907}.Release|Any CPU.Build.0 = Release|Any CPU
		{87555B3F-B938-4903-9EC7-E325433A3055}.Debug|Any CPU.ActiveCfg = Debug|Any CPU
		{87555B3F-B938-4903-9EC7-E325433A3055}.Debug|Any CPU.Build.0 = Debug|Any CPU
		{87555B3F-B938-4903-9EC7-E325433A3055}.Release|Any CPU.ActiveCfg = Release|Any CPU
		{87555B3F-B938-4903-9EC7-E325433A3055}.Release|Any CPU.Build.0 = Release|Any CPU
		{C4BA4C64-C952-41F1-BEC2-F9EEA35E5203}.Debug|Any CPU.ActiveCfg = Debug|Any CPU
		{C4BA4C64-C952-41F1-BEC2-F9EEA35E5203}.Debug|Any CPU.Build.0 = Debug|Any CPU
		{C4BA4C64-C952-41F1-BEC2-F9EEA35E5203}.Release|Any CPU.ActiveCfg = Release|Any CPU
		{C4BA4C64-C952-41F1-BEC2-F9EEA35E5203}.Release|Any CPU.Build.0 = Release|Any CPU
		{84191FC6-20C0-490B-A4AA-5A04E42A7078}.Debug|Any CPU.ActiveCfg = Debug|Any CPU
		{84191FC6-20C0-490B-A4AA-5A04E42A7078}.Debug|Any CPU.Build.0 = Debug|Any CPU
		{84191FC6-20C0-490B-A4AA-5A04E42A7078}.Release|Any CPU.ActiveCfg = Release|Any CPU
		{84191FC6-20C0-490B-A4AA-5A04E42A7078}.Release|Any CPU.Build.0 = Release|Any CPU
		{E0CD66F0-AAAB-4C22-ACBD-FCFEF16C74B1}.Debug|Any CPU.ActiveCfg = Debug|Any CPU
		{E0CD66F0-AAAB-4C22-ACBD-FCFEF16C74B1}.Debug|Any CPU.Build.0 = Debug|Any CPU
		{E0CD66F0-AAAB-4C22-ACBD-FCFEF16C74B1}.Release|Any CPU.ActiveCfg = Release|Any CPU
		{E0CD66F0-AAAB-4C22-ACBD-FCFEF16C74B1}.Release|Any CPU.Build.0 = Release|Any CPU
		{168BC4CD-108E-4A9E-AA8A-6FFCBAF8204C}.Debug|Any CPU.ActiveCfg = Debug|Any CPU
		{168BC4CD-108E-4A9E-AA8A-6FFCBAF8204C}.Debug|Any CPU.Build.0 = Debug|Any CPU
		{168BC4CD-108E-4A9E-AA8A-6FFCBAF8204C}.Release|Any CPU.ActiveCfg = Release|Any CPU
		{168BC4CD-108E-4A9E-AA8A-6FFCBAF8204C}.Release|Any CPU.Build.0 = Release|Any CPU
	EndGlobalSection
	GlobalSection(SolutionProperties) = preSolution
		HideSolutionNode = FALSE
	EndGlobalSection
EndGlobal
