
Microsoft Visual Studio Solution File, Format Version 12.00
# Visual Studio 14
VisualStudioVersion = 14.0.25420.1
MinimumVisualStudioVersion = 10.0.40219.1
Project("{FAE04EC0-301F-11D3-BF4B-00C04F79EFBC}") = "S2.P1", "S2\S2.P1.csproj", "{F985D6B1-15A7-4A55-88EC-2141449B34ED}"
EndProject
Project("{FAE04EC0-301F-11D3-BF4B-00C04F79EFBC}") = "P2", "P2\P2.csproj", "{A382AA46-3E25-421E-9F6F-5206EBA06675}"
EndProject
Project("{FAE04EC0-301F-11D3-BF4B-00C04F79EFBC}") = "P3", "P3\P3.csproj", "{16295A6F-F179-4689-A93D-161CD071C6AF}"
EndProject
Project("{FAE04EC0-301F-11D3-BF4B-00C04F79EFBC}") = "P4", "P4\P4.csproj", "{628DA5EE-8D4B-446F-AAA0-901D03264843}"
EndProject
Project("{FAE04EC0-301F-11D3-BF4B-00C04F79EFBC}") = "P5", "P5\P5.csproj", "{3435828A-D511-4C74-93C2-A18FC1C90ED3}"
EndProject
Project("{FAE04EC0-301F-11D3-BF4B-00C04F79EFBC}") = "P6", "P6\P6.csproj", "{AB826438-4CF3-44C9-869E-D663D3C5EC92}"
EndProject
Project("{FAE04EC0-301F-11D3-BF4B-00C04F79EFBC}") = "P7", "P7\P7.csproj", "{221DC9F5-0693-4DE4-B4EC-0990D1C046C7}"
EndProject
Project("{FAE04EC0-301F-11D3-BF4B-00C04F79EFBC}") = "P8", "P8\P8.csproj", "{0CE81AF4-4FF8-470F-8E3C-26BB89B6A559}"
EndProject
Project("{FAE04EC0-301F-11D3-BF4B-00C04F79EFBC}") = "P9", "P9\P9.csproj", "{C9AEE438-16EC-4BDE-9DEC-31D051D5BA27}"
EndProject
Project("{FAE04EC0-301F-11D3-BF4B-00C04F79EFBC}") = "P10", "P10\P10.csproj", "{B6D75241-DFE0-40AD-ACCD-A44821A2A36D}"
EndProject
Project("{FAE04EC0-301F-11D3-BF4B-00C04F79EFBC}") = "P11", "P11\P11.csproj", "{EA6D4C0C-4DE2-42AA-90A9-4A7C288EE653}"
EndProject
Global
	GlobalSection(SolutionConfigurationPlatforms) = preSolution
		Debug|Any CPU = Debug|Any CPU
		Release|Any CPU = Release|Any CPU
	EndGlobalSection
	GlobalSection(ProjectConfigurationPlatforms) = postSolution
		{F985D6B1-15A7-4A55-88EC-2141449B34ED}.Debug|Any CPU.ActiveCfg = Debug|Any CPU
		{F985D6B1-15A7-4A55-88EC-2141449B34ED}.Debug|Any CPU.Build.0 = Debug|Any CPU
		{F985D6B1-15A7-4A55-88EC-2141449B34ED}.Release|Any CPU.ActiveCfg = Release|Any CPU
		{F985D6B1-15A7-4A55-88EC-2141449B34ED}.Release|Any CPU.Build.0 = Release|Any CPU
		{A382AA46-3E25-421E-9F6F-5206EBA06675}.Debug|Any CPU.ActiveCfg = Debug|Any CPU
		{A382AA46-3E25-421E-9F6F-5206EBA06675}.Debug|Any CPU.Build.0 = Debug|Any CPU
		{A382AA46-3E25-421E-9F6F-5206EBA06675}.Release|Any CPU.ActiveCfg = Release|Any CPU
		{A382AA46-3E25-421E-9F6F-5206EBA06675}.Release|Any CPU.Build.0 = Release|Any CPU
		{16295A6F-F179-4689-A93D-161CD071C6AF}.Debug|Any CPU.ActiveCfg = Debug|Any CPU
		{16295A6F-F179-4689-A93D-161CD071C6AF}.Debug|Any CPU.Build.0 = Debug|Any CPU
		{16295A6F-F179-4689-A93D-161CD071C6AF}.Release|Any CPU.ActiveCfg = Release|Any CPU
		{16295A6F-F179-4689-A93D-161CD071C6AF}.Release|Any CPU.Build.0 = Release|Any CPU
		{628DA5EE-8D4B-446F-AAA0-901D03264843}.Debug|Any CPU.ActiveCfg = Debug|Any CPU
		{628DA5EE-8D4B-446F-AAA0-901D03264843}.Debug|Any CPU.Build.0 = Debug|Any CPU
		{628DA5EE-8D4B-446F-AAA0-901D03264843}.Release|Any CPU.ActiveCfg = Release|Any CPU
		{628DA5EE-8D4B-446F-AAA0-901D03264843}.Release|Any CPU.Build.0 = Release|Any CPU
		{3435828A-D511-4C74-93C2-A18FC1C90ED3}.Debug|Any CPU.ActiveCfg = Debug|Any CPU
		{3435828A-D511-4C74-93C2-A18FC1C90ED3}.Debug|Any CPU.Build.0 = Debug|Any CPU
		{3435828A-D511-4C74-93C2-A18FC1C90ED3}.Release|Any CPU.ActiveCfg = Release|Any CPU
		{3435828A-D511-4C74-93C2-A18FC1C90ED3}.Release|Any CPU.Build.0 = Release|Any CPU
		{AB826438-4CF3-44C9-869E-D663D3C5EC92}.Debug|Any CPU.ActiveCfg = Debug|Any CPU
		{AB826438-4CF3-44C9-869E-D663D3C5EC92}.Debug|Any CPU.Build.0 = Debug|Any CPU
		{AB826438-4CF3-44C9-869E-D663D3C5EC92}.Release|Any CPU.ActiveCfg = Release|Any CPU
		{AB826438-4CF3-44C9-869E-D663D3C5EC92}.Release|Any CPU.Build.0 = Release|Any CPU
		{221DC9F5-0693-4DE4-B4EC-0990D1C046C7}.Debug|Any CPU.ActiveCfg = Debug|Any CPU
		{221DC9F5-0693-4DE4-B4EC-0990D1C046C7}.Debug|Any CPU.Build.0 = Debug|Any CPU
		{221DC9F5-0693-4DE4-B4EC-0990D1C046C7}.Release|Any CPU.ActiveCfg = Release|Any CPU
		{221DC9F5-0693-4DE4-B4EC-0990D1C046C7}.Release|Any CPU.Build.0 = Release|Any CPU
		{0CE81AF4-4FF8-470F-8E3C-26BB89B6A559}.Debug|Any CPU.ActiveCfg = Debug|Any CPU
		{0CE81AF4-4FF8-470F-8E3C-26BB89B6A559}.Debug|Any CPU.Build.0 = Debug|Any CPU
		{0CE81AF4-4FF8-470F-8E3C-26BB89B6A559}.Release|Any CPU.ActiveCfg = Release|Any CPU
		{0CE81AF4-4FF8-470F-8E3C-26BB89B6A559}.Release|Any CPU.Build.0 = Release|Any CPU
		{C9AEE438-16EC-4BDE-9DEC-31D051D5BA27}.Debug|Any CPU.ActiveCfg = Debug|Any CPU
		{C9AEE438-16EC-4BDE-9DEC-31D051D5BA27}.Debug|Any CPU.Build.0 = Debug|Any CPU
		{C9AEE438-16EC-4BDE-9DEC-31D051D5BA27}.Release|Any CPU.ActiveCfg = Release|Any CPU
		{C9AEE438-16EC-4BDE-9DEC-31D051D5BA27}.Release|Any CPU.Build.0 = Release|Any CPU
		{B6D75241-DFE0-40AD-ACCD-A44821A2A36D}.Debug|Any CPU.ActiveCfg = Debug|Any CPU
		{B6D75241-DFE0-40AD-ACCD-A44821A2A36D}.Debug|Any CPU.Build.0 = Debug|Any CPU
		{B6D75241-DFE0-40AD-ACCD-A44821A2A36D}.Release|Any CPU.ActiveCfg = Release|Any CPU
		{B6D75241-DFE0-40AD-ACCD-A44821A2A36D}.Release|Any CPU.Build.0 = Release|Any CPU
		{EA6D4C0C-4DE2-42AA-90A9-4A7C288EE653}.Debug|Any CPU.ActiveCfg = Debug|Any CPU
		{EA6D4C0C-4DE2-42AA-90A9-4A7C288EE653}.Debug|Any CPU.Build.0 = Debug|Any CPU
		{EA6D4C0C-4DE2-42AA-90A9-4A7C288EE653}.Release|Any CPU.ActiveCfg = Release|Any CPU
		{EA6D4C0C-4DE2-42AA-90A9-4A7C288EE653}.Release|Any CPU.Build.0 = Release|Any CPU
	EndGlobalSection
	GlobalSection(SolutionProperties) = preSolution
		HideSolutionNode = FALSE
	EndGlobalSection
EndGlobal
